
Microsoft Visual Studio Solution File, Format Version 12.00
# Visual Studio Version 17
VisualStudioVersion = 17.0.31903.59
MinimumVisualStudioVersion = 10.0.40219.1
Project("{9A19103F-16F7-4668-BE54-9A1E7A4F7556}") = "JWTAuth", "JWTAuth\JWTAuth.csproj", "{BC751B7E-AC83-4E4D-8526-A3FACA499B91}"
EndProject
Project("{9A19103F-16F7-4668-BE54-9A1E7A4F7556}") = "JWTAuth.Entities", "JWTAuth.Entities\JWTAuth.Entities.csproj", "{BE75B0A7-6CB6-4EC9-90E5-E2EEB3699D0B}"
EndProject
Project("{9A19103F-16F7-4668-BE54-9A1E7A4F7556}") = "JWTAuth.Db", "JWTAuth.Db\JWTAuth.Db.csproj", "{DEC860DD-AA42-41CF-9885-33C774A2CC93}"
EndProject
Project("{9A19103F-16F7-4668-BE54-9A1E7A4F7556}") = "JWTAuth.Core", "JWTAuth.Core\JWTAuth.Core.csproj", "{EC5A7363-B4E5-47F8-9CEF-79604E2FDDC5}"
EndProject
Global
	GlobalSection(SolutionConfigurationPlatforms) = preSolution
		Debug|Any CPU = Debug|Any CPU
		Release|Any CPU = Release|Any CPU
	EndGlobalSection
	GlobalSection(ProjectConfigurationPlatforms) = postSolution
		{BC751B7E-AC83-4E4D-8526-A3FACA499B91}.Debug|Any CPU.ActiveCfg = Debug|Any CPU
		{BC751B7E-AC83-4E4D-8526-A3FACA499B91}.Debug|Any CPU.Build.0 = Debug|Any CPU
		{BC751B7E-AC83-4E4D-8526-A3FACA499B91}.Release|Any CPU.ActiveCfg = Release|Any CPU
		{BC751B7E-AC83-4E4D-8526-A3FACA499B91}.Release|Any CPU.Build.0 = Release|Any CPU
		{BE75B0A7-6CB6-4EC9-90E5-E2EEB3699D0B}.Debug|Any CPU.ActiveCfg = Debug|Any CPU
		{BE75B0A7-6CB6-4EC9-90E5-E2EEB3699D0B}.Debug|Any CPU.Build.0 = Debug|Any CPU
		{BE75B0A7-6CB6-4EC9-90E5-E2EEB3699D0B}.Release|Any CPU.ActiveCfg = Release|Any CPU
		{BE75B0A7-6CB6-4EC9-90E5-E2EEB3699D0B}.Release|Any CPU.Build.0 = Release|Any CPU
		{DEC860DD-AA42-41CF-9885-33C774A2CC93}.Debug|Any CPU.ActiveCfg = Debug|Any CPU
		{DEC860DD-AA42-41CF-9885-33C774A2CC93}.Debug|Any CPU.Build.0 = Debug|Any CPU
		{DEC860DD-AA42-41CF-9885-33C774A2CC93}.Release|Any CPU.ActiveCfg = Release|Any CPU
		{DEC860DD-AA42-41CF-9885-33C774A2CC93}.Release|Any CPU.Build.0 = Release|Any CPU
		{EC5A7363-B4E5-47F8-9CEF-79604E2FDDC5}.Debug|Any CPU.ActiveCfg = Debug|Any CPU
		{EC5A7363-B4E5-47F8-9CEF-79604E2FDDC5}.Debug|Any CPU.Build.0 = Debug|Any CPU
		{EC5A7363-B4E5-47F8-9CEF-79604E2FDDC5}.Release|Any CPU.ActiveCfg = Release|Any CPU
		{EC5A7363-B4E5-47F8-9CEF-79604E2FDDC5}.Release|Any CPU.Build.0 = Release|Any CPU
	EndGlobalSection
	GlobalSection(SolutionProperties) = preSolution
		HideSolutionNode = FALSE
	EndGlobalSection
	GlobalSection(ExtensibilityGlobals) = postSolution
		SolutionGuid = {AD1B67E2-513D-419A-97A7-432A8307DC37}
	EndGlobalSection
EndGlobal
